
Microsoft Visual Studio Solution File, Format Version 12.00
# Visual Studio Version 16
VisualStudioVersion = 25.0.1704.3
MinimumVisualStudioVersion = 10.0.40219.1
Project("{FAE04EC0-301F-11D3-BF4B-00C04F79EFBC}") = "Singleton", "Singleton\Singleton.csproj", "{81959C89-378E-444A-98BF-2F0AB7980E55}"
EndProject
Project("{FAE04EC0-301F-11D3-BF4B-00C04F79EFBC}") = "FactoryMethod", "FactoryMethod\FactoryMethod.csproj", "{0667C096-BF2F-43CF-9D2F-CC0AD7CE74D1}"
EndProject
Global
	GlobalSection(SolutionConfigurationPlatforms) = preSolution
		Debug|Any CPU = Debug|Any CPU
		Release|Any CPU = Release|Any CPU
	EndGlobalSection
	GlobalSection(ProjectConfigurationPlatforms) = postSolution
		{81959C89-378E-444A-98BF-2F0AB7980E55}.Debug|Any CPU.ActiveCfg = Debug|Any CPU
		{81959C89-378E-444A-98BF-2F0AB7980E55}.Debug|Any CPU.Build.0 = Debug|Any CPU
		{81959C89-378E-444A-98BF-2F0AB7980E55}.Release|Any CPU.ActiveCfg = Release|Any CPU
		{81959C89-378E-444A-98BF-2F0AB7980E55}.Release|Any CPU.Build.0 = Release|Any CPU
		{0667C096-BF2F-43CF-9D2F-CC0AD7CE74D1}.Debug|Any CPU.ActiveCfg = Debug|Any CPU
		{0667C096-BF2F-43CF-9D2F-CC0AD7CE74D1}.Debug|Any CPU.Build.0 = Debug|Any CPU
		{0667C096-BF2F-43CF-9D2F-CC0AD7CE74D1}.Release|Any CPU.ActiveCfg = Release|Any CPU
		{0667C096-BF2F-43CF-9D2F-CC0AD7CE74D1}.Release|Any CPU.Build.0 = Release|Any CPU
	EndGlobalSection
	GlobalSection(SolutionProperties) = preSolution
		HideSolutionNode = FALSE
	EndGlobalSection
	GlobalSection(ExtensibilityGlobals) = postSolution
		SolutionGuid = {6E15A1A3-747B-456B-94F5-4D91E482F8BB}
	EndGlobalSection
EndGlobal
